// !$*UTF8*$!
{
	archiveVersion = 1;
	classes = {
	};
	objectVersion = 50;
	objects = {

/* Begin PBXBuildFile section */
		FF31C6FC2144ED8F0057F715 /* ViewControllerFactory+Auth.swift in Sources */ = {isa = PBXBuildFile; fileRef = FF31C6FB2144ED8F0057F715 /* ViewControllerFactory+Auth.swift */; };
		FF31C6FE2144EEA80057F715 /* AuthInitial.storyboard in Resources */ = {isa = PBXBuildFile; fileRef = FF31C6FD2144EEA80057F715 /* AuthInitial.storyboard */; };
		FF31C7002144EEB70057F715 /* AuthInitialViewController.swift in Sources */ = {isa = PBXBuildFile; fileRef = FF31C6FF2144EEB70057F715 /* AuthInitialViewController.swift */; };
		FF31C7022144FA3A0057F715 /* AuthSignup.storyboard in Resources */ = {isa = PBXBuildFile; fileRef = FF31C7012144FA3A0057F715 /* AuthSignup.storyboard */; };
		FF31C7042144FA490057F715 /* AuthSignupViewController.swift in Sources */ = {isa = PBXBuildFile; fileRef = FF31C7032144FA490057F715 /* AuthSignupViewController.swift */; };
		FF31C7082144FC3D0057F715 /* AuthLogin.storyboard in Resources */ = {isa = PBXBuildFile; fileRef = FF31C7072144FC3D0057F715 /* AuthLogin.storyboard */; };
		FF31C70A2144FC480057F715 /* AuthLoginViewController.swift in Sources */ = {isa = PBXBuildFile; fileRef = FF31C7092144FC480057F715 /* AuthLoginViewController.swift */; };
		FF31C70C21450ADD0057F715 /* Injectable.swift in Sources */ = {isa = PBXBuildFile; fileRef = FF31C70B21450ADD0057F715 /* Injectable.swift */; };
		FF6A6EB8213691E1009E6706 /* AppDelegate.swift in Sources */ = {isa = PBXBuildFile; fileRef = FF6A6EB7213691E1009E6706 /* AppDelegate.swift */; };
		FF6A6EBA213691E1009E6706 /* ViewController.swift in Sources */ = {isa = PBXBuildFile; fileRef = FF6A6EB9213691E1009E6706 /* ViewController.swift */; };
		FF6A6EBD213691E1009E6706 /* Main.storyboard in Resources */ = {isa = PBXBuildFile; fileRef = FF6A6EBB213691E1009E6706 /* Main.storyboard */; };
		FF6A6EBF213691E3009E6706 /* Assets.xcassets in Resources */ = {isa = PBXBuildFile; fileRef = FF6A6EBE213691E3009E6706 /* Assets.xcassets */; };
		FF6A6EC2213691E3009E6706 /* LaunchScreen.storyboard in Resources */ = {isa = PBXBuildFile; fileRef = FF6A6EC0213691E3009E6706 /* LaunchScreen.storyboard */; };
		FF6A6ED0213692BA009E6706 /* Transitioning.swift in Sources */ = {isa = PBXBuildFile; fileRef = FF6A6ECF213692BA009E6706 /* Transitioning.swift */; };
		FF6A6ED2213692CF009E6706 /* ModalTransition.swift in Sources */ = {isa = PBXBuildFile; fileRef = FF6A6ED1213692CF009E6706 /* ModalTransition.swift */; };
		FF6A6ED4213692DA009E6706 /* NavigationTransition.swift in Sources */ = {isa = PBXBuildFile; fileRef = FF6A6ED3213692DA009E6706 /* NavigationTransition.swift */; };
		FF6A6ED821369481009E6706 /* AuthViewControllerFactories.swift in Sources */ = {isa = PBXBuildFile; fileRef = FF6A6ED721369481009E6706 /* AuthViewControllerFactories.swift */; };
		FF6A6EDA213694DC009E6706 /* ViewControllerFactory.swift in Sources */ = {isa = PBXBuildFile; fileRef = FF6A6ED9213694DC009E6706 /* ViewControllerFactory.swift */; };
		FF6A6EDE213696AA009E6706 /* AuthFlow.swift in Sources */ = {isa = PBXBuildFile; fileRef = FF6A6EDD213696AA009E6706 /* AuthFlow.swift */; };
		FF6A6EE221369AF8009E6706 /* AuthFlowRoots.swift in Sources */ = {isa = PBXBuildFile; fileRef = FF6A6EE121369AF8009E6706 /* AuthFlowRoots.swift */; };
		FF6A6EE421369B0A009E6706 /* AuthFlowInitials.swift in Sources */ = {isa = PBXBuildFile; fileRef = FF6A6EE321369B0A009E6706 /* AuthFlowInitials.swift */; };
		FF6A6EE921369CCD009E6706 /* Navigator.swift in Sources */ = {isa = PBXBuildFile; fileRef = FF6A6EE821369CCD009E6706 /* Navigator.swift */; };
		FF6A6EEC21369F57009E6706 /* AuthFlowSignups.swift in Sources */ = {isa = PBXBuildFile; fileRef = FF6A6EEB21369F57009E6706 /* AuthFlowSignups.swift */; };
		FF6A6EEE21369F60009E6706 /* AuthFlowLogins.swift in Sources */ = {isa = PBXBuildFile; fileRef = FF6A6EED21369F60009E6706 /* AuthFlowLogins.swift */; };
/* End PBXBuildFile section */

/* Begin PBXFileReference section */
		FF31C6FB2144ED8F0057F715 /* ViewControllerFactory+Auth.swift */ = {isa = PBXFileReference; lastKnownFileType = sourcecode.swift; path = "ViewControllerFactory+Auth.swift"; sourceTree = "<group>"; };
		FF31C6FD2144EEA80057F715 /* AuthInitial.storyboard */ = {isa = PBXFileReference; lastKnownFileType = file.storyboard; path = AuthInitial.storyboard; sourceTree = "<group>"; };
		FF31C6FF2144EEB70057F715 /* AuthInitialViewController.swift */ = {isa = PBXFileReference; lastKnownFileType = sourcecode.swift; path = AuthInitialViewController.swift; sourceTree = "<group>"; };
		FF31C7012144FA3A0057F715 /* AuthSignup.storyboard */ = {isa = PBXFileReference; lastKnownFileType = file.storyboard; path = AuthSignup.storyboard; sourceTree = "<group>"; };
		FF31C7032144FA490057F715 /* AuthSignupViewController.swift */ = {isa = PBXFileReference; lastKnownFileType = sourcecode.swift; path = AuthSignupViewController.swift; sourceTree = "<group>"; };
		FF31C7072144FC3D0057F715 /* AuthLogin.storyboard */ = {isa = PBXFileReference; lastKnownFileType = file.storyboard; path = AuthLogin.storyboard; sourceTree = "<group>"; };
		FF31C7092144FC480057F715 /* AuthLoginViewController.swift */ = {isa = PBXFileReference; lastKnownFileType = sourcecode.swift; path = AuthLoginViewController.swift; sourceTree = "<group>"; };
		FF31C70B21450ADD0057F715 /* Injectable.swift */ = {isa = PBXFileReference; lastKnownFileType = sourcecode.swift; path = Injectable.swift; sourceTree = "<group>"; };
		FF6A6EB4213691E1009E6706 /* TypesafeNavigationInSwift.app */ = {isa = PBXFileReference; explicitFileType = wrapper.application; includeInIndex = 0; path = TypesafeNavigationInSwift.app; sourceTree = BUILT_PRODUCTS_DIR; };
		FF6A6EB7213691E1009E6706 /* AppDelegate.swift */ = {isa = PBXFileReference; lastKnownFileType = sourcecode.swift; path = AppDelegate.swift; sourceTree = "<group>"; };
		FF6A6EB9213691E1009E6706 /* ViewController.swift */ = {isa = PBXFileReference; lastKnownFileType = sourcecode.swift; path = ViewController.swift; sourceTree = "<group>"; };
		FF6A6EBC213691E1009E6706 /* Base */ = {isa = PBXFileReference; lastKnownFileType = file.storyboard; name = Base; path = Base.lproj/Main.storyboard; sourceTree = "<group>"; };
		FF6A6EBE213691E3009E6706 /* Assets.xcassets */ = {isa = PBXFileReference; lastKnownFileType = folder.assetcatalog; path = Assets.xcassets; sourceTree = "<group>"; };
		FF6A6EC1213691E3009E6706 /* Base */ = {isa = PBXFileReference; lastKnownFileType = file.storyboard; name = Base; path = Base.lproj/LaunchScreen.storyboard; sourceTree = "<group>"; };
		FF6A6EC3213691E3009E6706 /* Info.plist */ = {isa = PBXFileReference; lastKnownFileType = text.plist.xml; path = Info.plist; sourceTree = "<group>"; };
		FF6A6ECF213692BA009E6706 /* Transitioning.swift */ = {isa = PBXFileReference; lastKnownFileType = sourcecode.swift; path = Transitioning.swift; sourceTree = "<group>"; };
		FF6A6ED1213692CF009E6706 /* ModalTransition.swift */ = {isa = PBXFileReference; lastKnownFileType = sourcecode.swift; path = ModalTransition.swift; sourceTree = "<group>"; };
		FF6A6ED3213692DA009E6706 /* NavigationTransition.swift */ = {isa = PBXFileReference; lastKnownFileType = sourcecode.swift; path = NavigationTransition.swift; sourceTree = "<group>"; };
		FF6A6ED721369481009E6706 /* AuthViewControllerFactories.swift */ = {isa = PBXFileReference; lastKnownFileType = sourcecode.swift; path = AuthViewControllerFactories.swift; sourceTree = "<group>"; };
		FF6A6ED9213694DC009E6706 /* ViewControllerFactory.swift */ = {isa = PBXFileReference; lastKnownFileType = sourcecode.swift; path = ViewControllerFactory.swift; sourceTree = "<group>"; };
		FF6A6EDD213696AA009E6706 /* AuthFlow.swift */ = {isa = PBXFileReference; lastKnownFileType = sourcecode.swift; path = AuthFlow.swift; sourceTree = "<group>"; };
		FF6A6EE121369AF8009E6706 /* AuthFlowRoots.swift */ = {isa = PBXFileReference; lastKnownFileType = sourcecode.swift; path = AuthFlowRoots.swift; sourceTree = "<group>"; };
		FF6A6EE321369B0A009E6706 /* AuthFlowInitials.swift */ = {isa = PBXFileReference; lastKnownFileType = sourcecode.swift; path = AuthFlowInitials.swift; sourceTree = "<group>"; };
		FF6A6EE821369CCD009E6706 /* Navigator.swift */ = {isa = PBXFileReference; lastKnownFileType = sourcecode.swift; path = Navigator.swift; sourceTree = "<group>"; };
		FF6A6EEB21369F57009E6706 /* AuthFlowSignups.swift */ = {isa = PBXFileReference; lastKnownFileType = sourcecode.swift; path = AuthFlowSignups.swift; sourceTree = "<group>"; };
		FF6A6EED21369F60009E6706 /* AuthFlowLogins.swift */ = {isa = PBXFileReference; lastKnownFileType = sourcecode.swift; path = AuthFlowLogins.swift; sourceTree = "<group>"; };
/* End PBXFileReference section */

/* Begin PBXFrameworksBuildPhase section */
		FF6A6EB1213691E1009E6706 /* Frameworks */ = {
			isa = PBXFrameworksBuildPhase;
			buildActionMask = 2147483647;
			files = (
			);
			runOnlyForDeploymentPostprocessing = 0;
		};
/* End PBXFrameworksBuildPhase section */

/* Begin PBXGroup section */
		FF6A6EAB213691E1009E6706 = {
			isa = PBXGroup;
			children = (
				FF6A6EB6213691E1009E6706 /* TypesafeNavigationInSwift */,
				FF6A6EB5213691E1009E6706 /* Products */,
			);
			sourceTree = "<group>";
		};
		FF6A6EB5213691E1009E6706 /* Products */ = {
			isa = PBXGroup;
			children = (
				FF6A6EB4213691E1009E6706 /* TypesafeNavigationInSwift.app */,
			);
			name = Products;
			sourceTree = "<group>";
		};
		FF6A6EB6213691E1009E6706 /* TypesafeNavigationInSwift */ = {
			isa = PBXGroup;
			children = (
				FF6A6EC921369232009E6706 /* Presentation */,
				FF6A6EB7213691E1009E6706 /* AppDelegate.swift */,
				FF6A6EBE213691E3009E6706 /* Assets.xcassets */,
				FF6A6EC0213691E3009E6706 /* LaunchScreen.storyboard */,
				FF6A6EC3213691E3009E6706 /* Info.plist */,
			);
			path = TypesafeNavigationInSwift;
			sourceTree = "<group>";
		};
		FF6A6EC921369232009E6706 /* Presentation */ = {
			isa = PBXGroup;
			children = (
				FF6A6ECB21369244009E6706 /* Navigator */,
				FF6A6ECA2136923A009E6706 /* App */,
			);
			path = Presentation;
			sourceTree = "<group>";
		};
		FF6A6ECA2136923A009E6706 /* App */ = {
			isa = PBXGroup;
			children = (
				FF31C70B21450ADD0057F715 /* Injectable.swift */,
				FF6A6EB9213691E1009E6706 /* ViewController.swift */,
				FF6A6EBB213691E1009E6706 /* Main.storyboard */,
				FF6A6EE521369BB6009E6706 /* Auth */,
			);
			path = App;
			sourceTree = "<group>";
		};
		FF6A6ECB21369244009E6706 /* Navigator */ = {
			isa = PBXGroup;
			children = (
				FF6A6ECE21369274009E6706 /* ViewControllerFactory */,
				FF6A6ECD2136926E009E6706 /* Flow */,
				FF6A6ECC21369260009E6706 /* Transition */,
				FF6A6EE821369CCD009E6706 /* Navigator.swift */,
			);
			path = Navigator;
			sourceTree = "<group>";
		};
		FF6A6ECC21369260009E6706 /* Transition */ = {
			isa = PBXGroup;
			children = (
				FF6A6ECF213692BA009E6706 /* Transitioning.swift */,
				FF6A6ED1213692CF009E6706 /* ModalTransition.swift */,
				FF6A6ED3213692DA009E6706 /* NavigationTransition.swift */,
			);
			path = Transition;
			sourceTree = "<group>";
		};
		FF6A6ECD2136926E009E6706 /* Flow */ = {
			isa = PBXGroup;
			children = (
				FF6A6ED621369336009E6706 /* Auth */,
			);
			path = Flow;
			sourceTree = "<group>";
		};
		FF6A6ECE21369274009E6706 /* ViewControllerFactory */ = {
			isa = PBXGroup;
			children = (
				FF6A6ED9213694DC009E6706 /* ViewControllerFactory.swift */,
				FF31C6FB2144ED8F0057F715 /* ViewControllerFactory+Auth.swift */,
				FF6A6ED521369320009E6706 /* Auth */,
			);
			path = ViewControllerFactory;
			sourceTree = "<group>";
		};
		FF6A6ED521369320009E6706 /* Auth */ = {
			isa = PBXGroup;
			children = (
				FF6A6ED721369481009E6706 /* AuthViewControllerFactories.swift */,
			);
			path = Auth;
			sourceTree = "<group>";
		};
		FF6A6ED621369336009E6706 /* Auth */ = {
			isa = PBXGroup;
			children = (
				FF6A6EDD213696AA009E6706 /* AuthFlow.swift */,
				FF6A6EE121369AF8009E6706 /* AuthFlowRoots.swift */,
				FF6A6EE321369B0A009E6706 /* AuthFlowInitials.swift */,
				FF6A6EEB21369F57009E6706 /* AuthFlowSignups.swift */,
				FF6A6EED21369F60009E6706 /* AuthFlowLogins.swift */,
			);
			path = Auth;
			sourceTree = "<group>";
		};
		FF6A6EE521369BB6009E6706 /* Auth */ = {
			isa = PBXGroup;
			children = (
				FF6A6EE621369C08009E6706 /* AuthInitial */,
				FF6A6EE721369C1C009E6706 /* AuthSignup */,
				FF6A6EEA21369EC0009E6706 /* AuthLogin */,
			);
			path = Auth;
			sourceTree = "<group>";
		};
		FF6A6EE621369C08009E6706 /* AuthInitial */ = {
			isa = PBXGroup;
			children = (
				FF31C6FD2144EEA80057F715 /* AuthInitial.storyboard */,
				FF31C6FF2144EEB70057F715 /* AuthInitialViewController.swift */,
			);
			path = AuthInitial;
			sourceTree = "<group>";
		};
		FF6A6EE721369C1C009E6706 /* AuthSignup */ = {
			isa = PBXGroup;
			children = (
				FF31C7012144FA3A0057F715 /* AuthSignup.storyboard */,
				FF31C7032144FA490057F715 /* AuthSignupViewController.swift */,
			);
			path = AuthSignup;
			sourceTree = "<group>";
		};
		FF6A6EEA21369EC0009E6706 /* AuthLogin */ = {
			isa = PBXGroup;
			children = (
				FF31C7072144FC3D0057F715 /* AuthLogin.storyboard */,
				FF31C7092144FC480057F715 /* AuthLoginViewController.swift */,
			);
			path = AuthLogin;
			sourceTree = "<group>";
		};
/* End PBXGroup section */

/* Begin PBXNativeTarget section */
		FF6A6EB3213691E1009E6706 /* TypesafeNavigationInSwift */ = {
			isa = PBXNativeTarget;
			buildConfigurationList = FF6A6EC6213691E3009E6706 /* Build configuration list for PBXNativeTarget "TypesafeNavigationInSwift" */;
			buildPhases = (
				FF6A6EB0213691E1009E6706 /* Sources */,
				FF6A6EB1213691E1009E6706 /* Frameworks */,
				FF6A6EB2213691E1009E6706 /* Resources */,
			);
			buildRules = (
			);
			dependencies = (
			);
			name = TypesafeNavigationInSwift;
			productName = TypesafeNavigationInSwift;
			productReference = FF6A6EB4213691E1009E6706 /* TypesafeNavigationInSwift.app */;
			productType = "com.apple.product-type.application";
		};
/* End PBXNativeTarget section */

/* Begin PBXProject section */
		FF6A6EAC213691E1009E6706 /* Project object */ = {
			isa = PBXProject;
			attributes = {
				LastSwiftUpdateCheck = 0940;
				LastUpgradeCheck = 0940;
				ORGANIZATIONNAME = "YOSHIMUTA YOHEI";
				TargetAttributes = {
					FF6A6EB3213691E1009E6706 = {
						CreatedOnToolsVersion = 9.4.1;
					};
				};
			};
			buildConfigurationList = FF6A6EAF213691E1009E6706 /* Build configuration list for PBXProject "TypesafeNavigationInSwift" */;
			compatibilityVersion = "Xcode 9.3";
			developmentRegion = en;
			hasScannedForEncodings = 0;
			knownRegions = (
				en,
				Base,
			);
			mainGroup = FF6A6EAB213691E1009E6706;
			productRefGroup = FF6A6EB5213691E1009E6706 /* Products */;
			projectDirPath = "";
			projectRoot = "";
			targets = (
				FF6A6EB3213691E1009E6706 /* TypesafeNavigationInSwift */,
			);
		};
/* End PBXProject section */

/* Begin PBXResourcesBuildPhase section */
		FF6A6EB2213691E1009E6706 /* Resources */ = {
			isa = PBXResourcesBuildPhase;
			buildActionMask = 2147483647;
			files = (
				FF6A6EC2213691E3009E6706 /* LaunchScreen.storyboard in Resources */,
				FF31C6FE2144EEA80057F715 /* AuthInitial.storyboard in Resources */,
				FF31C7082144FC3D0057F715 /* AuthLogin.storyboard in Resources */,
				FF6A6EBF213691E3009E6706 /* Assets.xcassets in Resources */,
				FF6A6EBD213691E1009E6706 /* Main.storyboard in Resources */,
				FF31C7022144FA3A0057F715 /* AuthSignup.storyboard in Resources */,
			);
			runOnlyForDeploymentPostprocessing = 0;
		};
/* End PBXResourcesBuildPhase section */

/* Begin PBXSourcesBuildPhase section */
		FF6A6EB0213691E1009E6706 /* Sources */ = {
			isa = PBXSourcesBuildPhase;
			buildActionMask = 2147483647;
			files = (
				FF31C7042144FA490057F715 /* AuthSignupViewController.swift in Sources */,
				FF6A6ED4213692DA009E6706 /* NavigationTransition.swift in Sources */,
				FF31C70A2144FC480057F715 /* AuthLoginViewController.swift in Sources */,
				FF6A6EDA213694DC009E6706 /* ViewControllerFactory.swift in Sources */,
				FF6A6ED821369481009E6706 /* AuthViewControllerFactories.swift in Sources */,
				FF6A6EEC21369F57009E6706 /* AuthFlowSignups.swift in Sources */,
				FF31C6FC2144ED8F0057F715 /* ViewControllerFactory+Auth.swift in Sources */,
				FF6A6EE221369AF8009E6706 /* AuthFlowRoots.swift in Sources */,
				FF6A6EEE21369F60009E6706 /* AuthFlowLogins.swift in Sources */,
				FF6A6ED2213692CF009E6706 /* ModalTransition.swift in Sources */,
				FF31C7002144EEB70057F715 /* AuthInitialViewController.swift in Sources */,
				FF6A6EE921369CCD009E6706 /* Navigator.swift in Sources */,
				FF6A6ED0213692BA009E6706 /* Transitioning.swift in Sources */,
				FF6A6EBA213691E1009E6706 /* ViewController.swift in Sources */,
				FF6A6EB8213691E1009E6706 /* AppDelegate.swift in Sources */,
				FF6A6EE421369B0A009E6706 /* AuthFlowInitials.swift in Sources */,
				FF31C70C21450ADD0057F715 /* Injectable.swift in Sources */,
				FF6A6EDE213696AA009E6706 /* AuthFlow.swift in Sources */,
			);
			runOnlyForDeploymentPostprocessing = 0;
		};
/* End PBXSourcesBuildPhase section */

/* Begin PBXVariantGroup section */
		FF6A6EBB213691E1009E6706 /* Main.storyboard */ = {
			isa = PBXVariantGroup;
			children = (
				FF6A6EBC213691E1009E6706 /* Base */,
			);
			name = Main.storyboard;
			sourceTree = "<group>";
		};
		FF6A6EC0213691E3009E6706 /* LaunchScreen.storyboard */ = {
			isa = PBXVariantGroup;
			children = (
				FF6A6EC1213691E3009E6706 /* Base */,
			);
			name = LaunchScreen.storyboard;
			sourceTree = "<group>";
		};
/* End PBXVariantGroup section */

/* Begin XCBuildConfiguration section */
		FF6A6EC4213691E3009E6706 /* Debug */ = {
			isa = XCBuildConfiguration;
			buildSettings = {
				ALWAYS_SEARCH_USER_PATHS = NO;
				CLANG_ANALYZER_NONNULL = YES;
				CLANG_ANALYZER_NUMBER_OBJECT_CONVERSION = YES_AGGRESSIVE;
				CLANG_CXX_LANGUAGE_STANDARD = "gnu++14";
				CLANG_CXX_LIBRARY = "libc++";
				CLANG_ENABLE_MODULES = YES;
				CLANG_ENABLE_OBJC_ARC = YES;
				CLANG_ENABLE_OBJC_WEAK = YES;
				CLANG_WARN_BLOCK_CAPTURE_AUTORELEASING = YES;
				CLANG_WARN_BOOL_CONVERSION = YES;
				CLANG_WARN_COMMA = YES;
				CLANG_WARN_CONSTANT_CONVERSION = YES;
				CLANG_WARN_DEPRECATED_OBJC_IMPLEMENTATIONS = YES;
				CLANG_WARN_DIRECT_OBJC_ISA_USAGE = YES_ERROR;
				CLANG_WARN_DOCUMENTATION_COMMENTS = YES;
				CLANG_WARN_EMPTY_BODY = YES;
				CLANG_WARN_ENUM_CONVERSION = YES;
				CLANG_WARN_INFINITE_RECURSION = YES;
				CLANG_WARN_INT_CONVERSION = YES;
				CLANG_WARN_NON_LITERAL_NULL_CONVERSION = YES;
				CLANG_WARN_OBJC_IMPLICIT_RETAIN_SELF = YES;
				CLANG_WARN_OBJC_LITERAL_CONVERSION = YES;
				CLANG_WARN_OBJC_ROOT_CLASS = YES_ERROR;
				CLANG_WARN_RANGE_LOOP_ANALYSIS = YES;
				CLANG_WARN_STRICT_PROTOTYPES = YES;
				CLANG_WARN_SUSPICIOUS_MOVE = YES;
				CLANG_WARN_UNGUARDED_AVAILABILITY = YES_AGGRESSIVE;
				CLANG_WARN_UNREACHABLE_CODE = YES;
				CLANG_WARN__DUPLICATE_METHOD_MATCH = YES;
				CODE_SIGN_IDENTITY = "iPhone Developer";
				COPY_PHASE_STRIP = NO;
				DEBUG_INFORMATION_FORMAT = dwarf;
				ENABLE_STRICT_OBJC_MSGSEND = YES;
				ENABLE_TESTABILITY = YES;
				GCC_C_LANGUAGE_STANDARD = gnu11;
				GCC_DYNAMIC_NO_PIC = NO;
				GCC_NO_COMMON_BLOCKS = YES;
				GCC_OPTIMIZATION_LEVEL = 0;
				GCC_PREPROCESSOR_DEFINITIONS = (
					"DEBUG=1",
					"$(inherited)",
				);
				GCC_WARN_64_TO_32_BIT_CONVERSION = YES;
				GCC_WARN_ABOUT_RETURN_TYPE = YES_ERROR;
				GCC_WARN_UNDECLARED_SELECTOR = YES;
				GCC_WARN_UNINITIALIZED_AUTOS = YES_AGGRESSIVE;
				GCC_WARN_UNUSED_FUNCTION = YES;
				GCC_WARN_UNUSED_VARIABLE = YES;
				IPHONEOS_DEPLOYMENT_TARGET = 11.4;
				MTL_ENABLE_DEBUG_INFO = YES;
				ONLY_ACTIVE_ARCH = YES;
				SDKROOT = iphoneos;
				SWIFT_ACTIVE_COMPILATION_CONDITIONS = DEBUG;
				SWIFT_OPTIMIZATION_LEVEL = "-Onone";
			};
			name = Debug;
		};
		FF6A6EC5213691E3009E6706 /* Release */ = {
			isa = XCBuildConfiguration;
			buildSettings = {
				ALWAYS_SEARCH_USER_PATHS = NO;
				CLANG_ANALYZER_NONNULL = YES;
				CLANG_ANALYZER_NUMBER_OBJECT_CONVERSION = YES_AGGRESSIVE;
				CLANG_CXX_LANGUAGE_STANDARD = "gnu++14";
				CLANG_CXX_LIBRARY = "libc++";
				CLANG_ENABLE_MODULES = YES;
				CLANG_ENABLE_OBJC_ARC = YES;
				CLANG_ENABLE_OBJC_WEAK = YES;
				CLANG_WARN_BLOCK_CAPTURE_AUTORELEASING = YES;
				CLANG_WARN_BOOL_CONVERSION = YES;
				CLANG_WARN_COMMA = YES;
				CLANG_WARN_CONSTANT_CONVERSION = YES;
				CLANG_WARN_DEPRECATED_OBJC_IMPLEMENTATIONS = YES;
				CLANG_WARN_DIRECT_OBJC_ISA_USAGE = YES_ERROR;
				CLANG_WARN_DOCUMENTATION_COMMENTS = YES;
				CLANG_WARN_EMPTY_BODY = YES;
				CLANG_WARN_ENUM_CONVERSION = YES;
				CLANG_WARN_INFINITE_RECURSION = YES;
				CLANG_WARN_INT_CONVERSION = YES;
				CLANG_WARN_NON_LITERAL_NULL_CONVERSION = YES;
				CLANG_WARN_OBJC_IMPLICIT_RETAIN_SELF = YES;
				CLANG_WARN_OBJC_LITERAL_CONVERSION = YES;
				CLANG_WARN_OBJC_ROOT_CLASS = YES_ERROR;
				CLANG_WARN_RANGE_LOOP_ANALYSIS = YES;
				CLANG_WARN_STRICT_PROTOTYPES = YES;
				CLANG_WARN_SUSPICIOUS_MOVE = YES;
				CLANG_WARN_UNGUARDED_AVAILABILITY = YES_AGGRESSIVE;
				CLANG_WARN_UNREACHABLE_CODE = YES;
				CLANG_WARN__DUPLICATE_METHOD_MATCH = YES;
				CODE_SIGN_IDENTITY = "iPhone Developer";
				COPY_PHASE_STRIP = NO;
				DEBUG_INFORMATION_FORMAT = "dwarf-with-dsym";
				ENABLE_NS_ASSERTIONS = NO;
				ENABLE_STRICT_OBJC_MSGSEND = YES;
				GCC_C_LANGUAGE_STANDARD = gnu11;
				GCC_NO_COMMON_BLOCKS = YES;
				GCC_WARN_64_TO_32_BIT_CONVERSION = YES;
				GCC_WARN_ABOUT_RETURN_TYPE = YES_ERROR;
				GCC_WARN_UNDECLARED_SELECTOR = YES;
				GCC_WARN_UNINITIALIZED_AUTOS = YES_AGGRESSIVE;
				GCC_WARN_UNUSED_FUNCTION = YES;
				GCC_WARN_UNUSED_VARIABLE = YES;
				IPHONEOS_DEPLOYMENT_TARGET = 11.4;
				MTL_ENABLE_DEBUG_INFO = NO;
				SDKROOT = iphoneos;
				SWIFT_COMPILATION_MODE = wholemodule;
				SWIFT_OPTIMIZATION_LEVEL = "-O";
				VALIDATE_PRODUCT = YES;
			};
			name = Release;
		};
		FF6A6EC7213691E3009E6706 /* Debug */ = {
			isa = XCBuildConfiguration;
			buildSettings = {
				ASSETCATALOG_COMPILER_APPICON_NAME = AppIcon;
				CODE_SIGN_STYLE = Automatic;
				INFOPLIST_FILE = TypesafeNavigationInSwift/Info.plist;
				LD_RUNPATH_SEARCH_PATHS = (
					"$(inherited)",
					"@executable_path/Frameworks",
				);
				PRODUCT_BUNDLE_IDENTIFIER = com.github.yoheimuta.TypesafeNavigationInSwift;
				PRODUCT_NAME = "$(TARGET_NAME)";
				SWIFT_VERSION = 4.0;
				TARGETED_DEVICE_FAMILY = "1,2";
			};
			name = Debug;
		};
		FF6A6EC8213691E3009E6706 /* Release */ = {
			isa = XCBuildConfiguration;
			buildSettings = {
				ASSETCATALOG_COMPILER_APPICON_NAME = AppIcon;
				CODE_SIGN_STYLE = Automatic;
				INFOPLIST_FILE = TypesafeNavigationInSwift/Info.plist;
				LD_RUNPATH_SEARCH_PATHS = (
					"$(inherited)",
					"@executable_path/Frameworks",
				);
				PRODUCT_BUNDLE_IDENTIFIER = com.github.yoheimuta.TypesafeNavigationInSwift;
				PRODUCT_NAME = "$(TARGET_NAME)";
				SWIFT_VERSION = 4.0;
				TARGETED_DEVICE_FAMILY = "1,2";
			};
			name = Release;
		};
/* End XCBuildConfiguration section */

/* Begin XCConfigurationList section */
		FF6A6EAF213691E1009E6706 /* Build configuration list for PBXProject "TypesafeNavigationInSwift" */ = {
			isa = XCConfigurationList;
			buildConfigurations = (
				FF6A6EC4213691E3009E6706 /* Debug */,
				FF6A6EC5213691E3009E6706 /* Release */,
			);
			defaultConfigurationIsVisible = 0;
			defaultConfigurationName = Release;
		};
		FF6A6EC6213691E3009E6706 /* Build configuration list for PBXNativeTarget "TypesafeNavigationInSwift" */ = {
			isa = XCConfigurationList;
			buildConfigurations = (
				FF6A6EC7213691E3009E6706 /* Debug */,
				FF6A6EC8213691E3009E6706 /* Release */,
			);
			defaultConfigurationIsVisible = 0;
			defaultConfigurationName = Release;
		};
/* End XCConfigurationList section */
	};
	rootObject = FF6A6EAC213691E1009E6706 /* Project object */;
}
